
Microsoft Visual Studio Solution File, Format Version 12.00
# Visual Studio Version 16
VisualStudioVersion = 16.0.32002.261
MinimumVisualStudioVersion = 10.0.40219.1
Project("{FAE04EC0-301F-11D3-BF4B-00C04F79EFBC}") = "chocolicia", "chocolicia\chocolicia.csproj", "{8324CC68-182A-4429-BCF9-F39209CFC0C4}"
EndProject
Project("{FAE04EC0-301F-11D3-BF4B-00C04F79EFBC}") = "chocolicia.tests", "chocolicia.tests\chocolicia.tests.csproj", "{3E78DFEB-5F6A-42B3-BFB8-367B3A57ED7C}"
EndProject
Global
	GlobalSection(SolutionConfigurationPlatforms) = preSolution
		Debug|Any CPU = Debug|Any CPU
		Release|Any CPU = Release|Any CPU
	EndGlobalSection
	GlobalSection(ProjectConfigurationPlatforms) = postSolution
		{8324CC68-182A-4429-BCF9-F39209CFC0C4}.Debug|Any CPU.ActiveCfg = Debug|Any CPU
		{8324CC68-182A-4429-BCF9-F39209CFC0C4}.Debug|Any CPU.Build.0 = Debug|Any CPU
		{8324CC68-182A-4429-BCF9-F39209CFC0C4}.Release|Any CPU.ActiveCfg = Release|Any CPU
		{8324CC68-182A-4429-BCF9-F39209CFC0C4}.Release|Any CPU.Build.0 = Release|Any CPU
		{3E78DFEB-5F6A-42B3-BFB8-367B3A57ED7C}.Debug|Any CPU.ActiveCfg = Debug|Any CPU
		{3E78DFEB-5F6A-42B3-BFB8-367B3A57ED7C}.Debug|Any CPU.Build.0 = Debug|Any CPU
		{3E78DFEB-5F6A-42B3-BFB8-367B3A57ED7C}.Release|Any CPU.ActiveCfg = Release|Any CPU
		{3E78DFEB-5F6A-42B3-BFB8-367B3A57ED7C}.Release|Any CPU.Build.0 = Release|Any CPU
	EndGlobalSection
	GlobalSection(SolutionProperties) = preSolution
		HideSolutionNode = FALSE
	EndGlobalSection
	GlobalSection(ExtensibilityGlobals) = postSolution
		SolutionGuid = {9882A101-22DE-4DB6-84C9-684528780CD5}
	EndGlobalSection
EndGlobal
